
Microsoft Visual Studio Solution File, Format Version 12.00
# Visual Studio Version 17
VisualStudioVersion = 17.14.36301.6
MinimumVisualStudioVersion = 10.0.40219.1
Project("{FAE04EC0-301F-11D3-BF4B-00C04F79EFBC}") = "BlogApp", "BlogApp.csproj", "{AE6B59D6-FD92-401D-813F-7501FDBCC425}"
EndProject
Global
	GlobalSection(SolutionConfigurationPlatforms) = preSolution
		Debug|Any CPU = Debug|Any CPU
		Release|Any CPU = Release|Any CPU
	EndGlobalSection
	GlobalSection(ProjectConfigurationPlatforms) = postSolution
		{AE6B59D6-FD92-401D-813F-7501FDBCC425}.Debug|Any CPU.ActiveCfg = Debug|Any CPU
		{AE6B59D6-FD92-401D-813F-7501FDBCC425}.Debug|Any CPU.Build.0 = Debug|Any CPU
		{AE6B59D6-FD92-401D-813F-7501FDBCC425}.Release|Any CPU.ActiveCfg = Release|Any CPU
		{AE6B59D6-FD92-401D-813F-7501FDBCC425}.Release|Any CPU.Build.0 = Release|Any CPU
	EndGlobalSection
	GlobalSection(SolutionProperties) = preSolution
		HideSolutionNode = FALSE
	EndGlobalSection
	GlobalSection(ExtensibilityGlobals) = postSolution
		SolutionGuid = {99729334-CEA2-4780-A5F0-D3EF130A4E56}
	EndGlobalSection
EndGlobal
